
Microsoft Visual Studio Solution File, Format Version 12.00
# Visual Studio 2012
Project("{FAE04EC0-301F-11D3-BF4B-00C04F79EFBC}") = "actively", "actively\actively.csproj", "{883B9EF7-A6D0-464E-9097-80C0DF109CF4}"
EndProject
Project("{FAE04EC0-301F-11D3-BF4B-00C04F79EFBC}") = "actively.Tests", "actively.Tests\actively.Tests.csproj", "{18D19C50-AE72-4E44-9BFD-CA8EC96917EC}"
EndProject
Project("{2150E333-8FDC-42A3-9474-1A3956D46DE8}") = ".nuget", ".nuget", "{65A1A4B5-6197-49E6-9748-015CB20AEEEB}"
	ProjectSection(SolutionItems) = preProject
		.nuget\NuGet.Config = .nuget\NuGet.Config
		.nuget\NuGet.targets = .nuget\NuGet.targets
		.nuget\nuget.exe = .nuget\nuget.exe
	EndProjectSection
EndProject
Global
	GlobalSection(SolutionConfigurationPlatforms) = preSolution
		Debug|Any CPU = Debug|Any CPU
		Release|Any CPU = Release|Any CPU
	EndGlobalSection
	GlobalSection(ProjectConfigurationPlatforms) = postSolution
		{18D19C50-AE72-4E44-9BFD-CA8EC96917EC}.Debug|Any CPU.ActiveCfg = Debug|Any CPU
		{18D19C50-AE72-4E44-9BFD-CA8EC96917EC}.Debug|Any CPU.Build.0 = Debug|Any CPU
		{18D19C50-AE72-4E44-9BFD-CA8EC96917EC}.Release|Any CPU.ActiveCfg = Release|Any CPU
		{18D19C50-AE72-4E44-9BFD-CA8EC96917EC}.Release|Any CPU.Build.0 = Release|Any CPU
		{883B9EF7-A6D0-464E-9097-80C0DF109CF4}.Debug|Any CPU.ActiveCfg = Debug|Any CPU
		{883B9EF7-A6D0-464E-9097-80C0DF109CF4}.Debug|Any CPU.Build.0 = Debug|Any CPU
		{883B9EF7-A6D0-464E-9097-80C0DF109CF4}.Release|Any CPU.ActiveCfg = Release|Any CPU
		{883B9EF7-A6D0-464E-9097-80C0DF109CF4}.Release|Any CPU.Build.0 = Release|Any CPU
	EndGlobalSection
	GlobalSection(SolutionProperties) = preSolution
		HideSolutionNode = FALSE
	EndGlobalSection
EndGlobal
